
Microsoft Visual Studio Solution File, Format Version 12.00
# Visual Studio Version 16
VisualStudioVersion = 16.0.31129.286
MinimumVisualStudioVersion = 10.0.40219.1
Project("{9A19103F-16F7-4668-BE54-9A1E7A4F7556}") = "Web", "Web\Web.csproj", "{94D6F025-71BB-4C75-BA74-F4ED8B2E4810}"
EndProject
Project("{FAE04EC0-301F-11D3-BF4B-00C04F79EFBC}") = "Core", "Core\Core.csproj", "{9B62CC3C-728E-491B-B736-39B0B79627D4}"
EndProject
Project("{FAE04EC0-301F-11D3-BF4B-00C04F79EFBC}") = "Infrastructure", "Infrastructure\Infrastructure.csproj", "{0AC019FB-29B8-4786-AB8F-81D2B9B3D4AF}"
EndProject
Global
	GlobalSection(SolutionConfigurationPlatforms) = preSolution
		Debug|Any CPU = Debug|Any CPU
		Release|Any CPU = Release|Any CPU
	EndGlobalSection
	GlobalSection(ProjectConfigurationPlatforms) = postSolution
		{94D6F025-71BB-4C75-BA74-F4ED8B2E4810}.Debug|Any CPU.ActiveCfg = Debug|Any CPU
		{94D6F025-71BB-4C75-BA74-F4ED8B2E4810}.Debug|Any CPU.Build.0 = Debug|Any CPU
		{94D6F025-71BB-4C75-BA74-F4ED8B2E4810}.Release|Any CPU.ActiveCfg = Release|Any CPU
		{94D6F025-71BB-4C75-BA74-F4ED8B2E4810}.Release|Any CPU.Build.0 = Release|Any CPU
		{9B62CC3C-728E-491B-B736-39B0B79627D4}.Debug|Any CPU.ActiveCfg = Debug|Any CPU
		{9B62CC3C-728E-491B-B736-39B0B79627D4}.Debug|Any CPU.Build.0 = Debug|Any CPU
		{9B62CC3C-728E-491B-B736-39B0B79627D4}.Release|Any CPU.ActiveCfg = Release|Any CPU
		{9B62CC3C-728E-491B-B736-39B0B79627D4}.Release|Any CPU.Build.0 = Release|Any CPU
		{0AC019FB-29B8-4786-AB8F-81D2B9B3D4AF}.Debug|Any CPU.ActiveCfg = Debug|Any CPU
		{0AC019FB-29B8-4786-AB8F-81D2B9B3D4AF}.Debug|Any CPU.Build.0 = Debug|Any CPU
		{0AC019FB-29B8-4786-AB8F-81D2B9B3D4AF}.Release|Any CPU.ActiveCfg = Release|Any CPU
		{0AC019FB-29B8-4786-AB8F-81D2B9B3D4AF}.Release|Any CPU.Build.0 = Release|Any CPU
	EndGlobalSection
	GlobalSection(SolutionProperties) = preSolution
		HideSolutionNode = FALSE
	EndGlobalSection
	GlobalSection(ExtensibilityGlobals) = postSolution
		SolutionGuid = {BA48CA9B-C706-4949-AC97-1C95B814B505}
	EndGlobalSection
EndGlobal
